
Microsoft Visual Studio Solution File, Format Version 12.00
# Visual Studio 15
VisualStudioVersion = 15.0.28307.572
MinimumVisualStudioVersion = 10.0.40219.1
Project("{FAE04EC0-301F-11D3-BF4B-00C04F79EFBC}") = "NugetLockCheck", "NugetLockCheck\NugetLockCheck.csproj", "{5F6F9308-D477-4A3B-A501-7AABD9CBE131}"
EndProject
Project("{FAE04EC0-301F-11D3-BF4B-00C04F79EFBC}") = "TestComponentApi", "TestComponentApi\TestComponentApi.csproj", "{8D7EFFF2-CA94-47FE-9EAE-2E21CC900FEC}"
EndProject
Global
	GlobalSection(SolutionConfigurationPlatforms) = preSolution
		Debug|Any CPU = Debug|Any CPU
		Release|Any CPU = Release|Any CPU
	EndGlobalSection
	GlobalSection(ProjectConfigurationPlatforms) = postSolution
		{5F6F9308-D477-4A3B-A501-7AABD9CBE131}.Debug|Any CPU.ActiveCfg = Debug|Any CPU
		{5F6F9308-D477-4A3B-A501-7AABD9CBE131}.Debug|Any CPU.Build.0 = Debug|Any CPU
		{5F6F9308-D477-4A3B-A501-7AABD9CBE131}.Release|Any CPU.ActiveCfg = Release|Any CPU
		{5F6F9308-D477-4A3B-A501-7AABD9CBE131}.Release|Any CPU.Build.0 = Release|Any CPU
		{8D7EFFF2-CA94-47FE-9EAE-2E21CC900FEC}.Debug|Any CPU.ActiveCfg = Debug|Any CPU
		{8D7EFFF2-CA94-47FE-9EAE-2E21CC900FEC}.Debug|Any CPU.Build.0 = Debug|Any CPU
		{8D7EFFF2-CA94-47FE-9EAE-2E21CC900FEC}.Release|Any CPU.ActiveCfg = Release|Any CPU
		{8D7EFFF2-CA94-47FE-9EAE-2E21CC900FEC}.Release|Any CPU.Build.0 = Release|Any CPU
	EndGlobalSection
	GlobalSection(SolutionProperties) = preSolution
		HideSolutionNode = FALSE
	EndGlobalSection
	GlobalSection(ExtensibilityGlobals) = postSolution
		SolutionGuid = {C36A0F0A-46C1-4399-9677-CA54677C8566}
	EndGlobalSection
EndGlobal
