{
  "version": 1,
  "dependencies": {
    ".NETFramework,Version=v4.7.2": {
      "Honeywell.Testing.Package": {
        "type": "Direct",
        "requested": "[0.1.0-*, )",
        "resolved": "0.1.0-alpha0002",
        "contentHash": "2k2lvNz2uiCQeHOXy2DrrferLB+jt5I2ijdp16DDLu9723SPCVuyrKBzT2LiY5GrxVHP9TCWGZKizgPjVhu4Yg=="
      }
    },
    ".NETFramework,Version=v4.7.2/win": {},
    ".NETFramework,Version=v4.7.2/win-x64": {},
    ".NETFramework,Version=v4.7.2/win-x86": {}
  }
}